
Microsoft Visual Studio Solution File, Format Version 12.00
# Visual Studio Version 16
VisualStudioVersion = 16.0.33423.256
MinimumVisualStudioVersion = 10.0.40219.1
Project("{9A19103F-16F7-4668-BE54-9A1E7A4F7556}") = "AracIhaleProje.Api", "AracIhaleProje.Api\AracIhaleProje.Api.csproj", "{4C8B72A9-76AB-497A-A9A0-D1168BAD26DC}"
EndProject
Project("{FAE04EC0-301F-11D3-BF4B-00C04F79EFBC}") = "AracIhale.UI", "AracIhale.UI\AracIhale.UI.csproj", "{A7E67455-6E19-4443-ABCE-4C85E494E1AD}"
EndProject
Global
	GlobalSection(SolutionConfigurationPlatforms) = preSolution
		Debug|Any CPU = Debug|Any CPU
		Release|Any CPU = Release|Any CPU
	EndGlobalSection
	GlobalSection(ProjectConfigurationPlatforms) = postSolution
		{4C8B72A9-76AB-497A-A9A0-D1168BAD26DC}.Debug|Any CPU.ActiveCfg = Debug|Any CPU
		{4C8B72A9-76AB-497A-A9A0-D1168BAD26DC}.Debug|Any CPU.Build.0 = Debug|Any CPU
		{4C8B72A9-76AB-497A-A9A0-D1168BAD26DC}.Release|Any CPU.ActiveCfg = Release|Any CPU
		{4C8B72A9-76AB-497A-A9A0-D1168BAD26DC}.Release|Any CPU.Build.0 = Release|Any CPU
		{A7E67455-6E19-4443-ABCE-4C85E494E1AD}.Debug|Any CPU.ActiveCfg = Debug|Any CPU
		{A7E67455-6E19-4443-ABCE-4C85E494E1AD}.Debug|Any CPU.Build.0 = Debug|Any CPU
		{A7E67455-6E19-4443-ABCE-4C85E494E1AD}.Release|Any CPU.ActiveCfg = Release|Any CPU
		{A7E67455-6E19-4443-ABCE-4C85E494E1AD}.Release|Any CPU.Build.0 = Release|Any CPU
	EndGlobalSection
	GlobalSection(SolutionProperties) = preSolution
		HideSolutionNode = FALSE
	EndGlobalSection
	GlobalSection(ExtensibilityGlobals) = postSolution
		SolutionGuid = {FDBE3DFC-90B7-4E62-B993-BBE6A01BC17D}
	EndGlobalSection
EndGlobal
